// !$*UTF8*$!
{
	archiveVersion = 1;
	classes = {
	};
	objectVersion = 50;
	objects = {

/* Begin PBXBuildFile section */
		652E2D70246A4203000FBA44 /* Interface.storyboard in Resources */ = {isa = PBXBuildFile; fileRef = 652E2D6E246A4203000FBA44 /* Interface.storyboard */; };
		652E2D72246A4204000FBA44 /* Assets.xcassets in Resources */ = {isa = PBXBuildFile; fileRef = 652E2D71246A4204000FBA44 /* Assets.xcassets */; };
		652E2D79246A4204000FBA44 /* WatchLandmarks Extension.appex in Embed App Extensions */ = {isa = PBXBuildFile; fileRef = 652E2D78246A4204000FBA44 /* WatchLandmarks Extension.appex */; settings = {ATTRIBUTES = (RemoveHeadersOnCopy, ); }; };
		652E2D7E246A4204000FBA44 /* ContentView.swift in Sources */ = {isa = PBXBuildFile; fileRef = 652E2D7D246A4204000FBA44 /* ContentView.swift */; };
		652E2D80246A4204000FBA44 /* HostingController.swift in Sources */ = {isa = PBXBuildFile; fileRef = 652E2D7F246A4204000FBA44 /* HostingController.swift */; };
		652E2D82246A4204000FBA44 /* ExtensionDelegate.swift in Sources */ = {isa = PBXBuildFile; fileRef = 652E2D81246A4204000FBA44 /* ExtensionDelegate.swift */; };
		652E2D84246A4204000FBA44 /* NotificationController.swift in Sources */ = {isa = PBXBuildFile; fileRef = 652E2D83246A4204000FBA44 /* NotificationController.swift */; };
		652E2D86246A4204000FBA44 /* NotificationView.swift in Sources */ = {isa = PBXBuildFile; fileRef = 652E2D85246A4204000FBA44 /* NotificationView.swift */; };
		652E2D88246A4205000FBA44 /* Assets.xcassets in Resources */ = {isa = PBXBuildFile; fileRef = 652E2D87246A4205000FBA44 /* Assets.xcassets */; };
		652E2D8B246A4205000FBA44 /* Preview Assets.xcassets in Resources */ = {isa = PBXBuildFile; fileRef = 652E2D8A246A4205000FBA44 /* Preview Assets.xcassets */; };
		652E2D90246A4205000FBA44 /* WatchLandmarks.app in Embed Watch Content */ = {isa = PBXBuildFile; fileRef = 652E2D6C246A4203000FBA44 /* WatchLandmarks.app */; settings = {ATTRIBUTES = (RemoveHeadersOnCopy, ); }; };
		65628A55244EBEE1001FB944 /* BadgeBackground.swift in Sources */ = {isa = PBXBuildFile; fileRef = 65628A54244EBEE1001FB944 /* BadgeBackground.swift */; };
		65628A57244EBF77001FB944 /* BadgeSymbol.swift in Sources */ = {isa = PBXBuildFile; fileRef = 65628A56244EBF77001FB944 /* BadgeSymbol.swift */; };
		65628A59244EC05E001FB944 /* RotatedBadgeSymbol.swift in Sources */ = {isa = PBXBuildFile; fileRef = 65628A58244EC05E001FB944 /* RotatedBadgeSymbol.swift */; };
		65699105244801D40020EDD5 /* LandmarkDetail.swift in Sources */ = {isa = PBXBuildFile; fileRef = 658FED0F2431B82C0096EDA2 /* LandmarkDetail.swift */; };
		65699106244801EC0020EDD5 /* LandmarkList.swift in Sources */ = {isa = PBXBuildFile; fileRef = 6580CFB0243EC413003D5A7B /* LandmarkList.swift */; };
		6580CF87243D7DF0003D5A7B /* MapView.swift in Sources */ = {isa = PBXBuildFile; fileRef = 6580CF86243D7DF0003D5A7B /* MapView.swift */; };
		6580CF8C243EBF39003D5A7B /* Landmark.swift in Sources */ = {isa = PBXBuildFile; fileRef = 6580CF8B243EBF39003D5A7B /* Landmark.swift */; };
		6580CF8E243EBF65003D5A7B /* Data.swift in Sources */ = {isa = PBXBuildFile; fileRef = 6580CF8D243EBF65003D5A7B /* Data.swift */; };
		6580CFAD243EC0CE003D5A7B /* LandmarkRow.swift in Sources */ = {isa = PBXBuildFile; fileRef = 6580CFAC243EC0CE003D5A7B /* LandmarkRow.swift */; };
		658A08FC24512D13009A43BA /* HikeView.swift in Sources */ = {isa = PBXBuildFile; fileRef = 658A08FB24512D13009A43BA /* HikeView.swift */; };
		658A08FE2451318C009A43BA /* Hike.swift in Sources */ = {isa = PBXBuildFile; fileRef = 658A08FD2451318C009A43BA /* Hike.swift */; };
		658A0900245131EA009A43BA /* hikeData.json in Resources */ = {isa = PBXBuildFile; fileRef = 658A08FF245131EA009A43BA /* hikeData.json */; };
		658A0903245132AD009A43BA /* GraphCapsule.swift in Sources */ = {isa = PBXBuildFile; fileRef = 658A0902245132AD009A43BA /* GraphCapsule.swift */; };
		658A0905245132D7009A43BA /* HikeGraph.swift in Sources */ = {isa = PBXBuildFile; fileRef = 658A0904245132D7009A43BA /* HikeGraph.swift */; };
		658A09072451332E009A43BA /* HikeDetail.swift in Sources */ = {isa = PBXBuildFile; fileRef = 658A09062451332E009A43BA /* HikeDetail.swift */; };
		658FED0C2431B82C0096EDA2 /* AppDelegate.swift in Sources */ = {isa = PBXBuildFile; fileRef = 658FED0B2431B82C0096EDA2 /* AppDelegate.swift */; };
		658FED0E2431B82C0096EDA2 /* SceneDelegate.swift in Sources */ = {isa = PBXBuildFile; fileRef = 658FED0D2431B82C0096EDA2 /* SceneDelegate.swift */; };
		658FED122431B82E0096EDA2 /* Assets.xcassets in Resources */ = {isa = PBXBuildFile; fileRef = 658FED112431B82E0096EDA2 /* Assets.xcassets */; };
		658FED152431B82E0096EDA2 /* Preview Assets.xcassets in Resources */ = {isa = PBXBuildFile; fileRef = 658FED142431B82E0096EDA2 /* Preview Assets.xcassets */; };
		658FED182431B82E0096EDA2 /* LaunchScreen.storyboard in Resources */ = {isa = PBXBuildFile; fileRef = 658FED162431B82E0096EDA2 /* LaunchScreen.storyboard */; };
		658FED232431B82E0096EDA2 /* LandmarksTests.swift in Sources */ = {isa = PBXBuildFile; fileRef = 658FED222431B82E0096EDA2 /* LandmarksTests.swift */; };
		658FED2E2431B82E0096EDA2 /* LandmarksUITests.swift in Sources */ = {isa = PBXBuildFile; fileRef = 658FED2D2431B82E0096EDA2 /* LandmarksUITests.swift */; };
		6599FD952433CDFE006C3A59 /* CircleImage.swift in Sources */ = {isa = PBXBuildFile; fileRef = 6599FD942433CDFE006C3A59 /* CircleImage.swift */; };
		659E2A62245E7846006BEA7E /* PageViewController.swift in Sources */ = {isa = PBXBuildFile; fileRef = 659E2A61245E7846006BEA7E /* PageViewController.swift */; };
		659E2A64245E7A65006BEA7E /* PageView.swift in Sources */ = {isa = PBXBuildFile; fileRef = 659E2A63245E7A65006BEA7E /* PageView.swift */; };
		659E2A66245E7B9D006BEA7E /* FeatureCard.swift in Sources */ = {isa = PBXBuildFile; fileRef = 659E2A65245E7B9D006BEA7E /* FeatureCard.swift */; };
		659E2A68245E7DE4006BEA7E /* turtlerock_feature.jpg in Resources */ = {isa = PBXBuildFile; fileRef = 659E2A67245E7DE3006BEA7E /* turtlerock_feature.jpg */; };
		659E2A6A245E82BD006BEA7E /* stmarylake_feature.jpg in Resources */ = {isa = PBXBuildFile; fileRef = 659E2A69245E82BD006BEA7E /* stmarylake_feature.jpg */; };
		659E2A6C245E82EE006BEA7E /* charleyrivers_feature.jpg in Resources */ = {isa = PBXBuildFile; fileRef = 659E2A6B245E82ED006BEA7E /* charleyrivers_feature.jpg */; };
		65A5B099244C08030057DFF5 /* charleyrivers.jpg in Resources */ = {isa = PBXBuildFile; fileRef = 65A5B08C244C08030057DFF5 /* charleyrivers.jpg */; };
		65A5B09A244C08030057DFF5 /* turtlerock.jpg in Resources */ = {isa = PBXBuildFile; fileRef = 65A5B08D244C08030057DFF5 /* turtlerock.jpg */; };
		65A5B09B244C08030057DFF5 /* silversalmoncreek.jpg in Resources */ = {isa = PBXBuildFile; fileRef = 65A5B08E244C08030057DFF5 /* silversalmoncreek.jpg */; };
		65A5B09C244C08030057DFF5 /* icybay.jpg in Resources */ = {isa = PBXBuildFile; fileRef = 65A5B08F244C08030057DFF5 /* icybay.jpg */; };
		65A5B09D244C08030057DFF5 /* lakemcdonald.jpg in Resources */ = {isa = PBXBuildFile; fileRef = 65A5B090244C08030057DFF5 /* lakemcdonald.jpg */; };
		65A5B09E244C08030057DFF5 /* hiddenlake.jpg in Resources */ = {isa = PBXBuildFile; fileRef = 65A5B091244C08030057DFF5 /* hiddenlake.jpg */; };
		65A5B09F244C08030057DFF5 /* twinlake.jpg in Resources */ = {isa = PBXBuildFile; fileRef = 65A5B092244C08030057DFF5 /* twinlake.jpg */; };
		65A5B0A0244C08030057DFF5 /* umbagog.jpg in Resources */ = {isa = PBXBuildFile; fileRef = 65A5B093244C08030057DFF5 /* umbagog.jpg */; };
		65A5B0A1244C08030057DFF5 /* landmarkData.json in Resources */ = {isa = PBXBuildFile; fileRef = 65A5B094244C08030057DFF5 /* landmarkData.json */; };
		65A5B0A2244C08030057DFF5 /* chincoteague.jpg in Resources */ = {isa = PBXBuildFile; fileRef = 65A5B095244C08030057DFF5 /* chincoteague.jpg */; };
		65A5B0A3244C08030057DFF5 /* stmarylake.jpg in Resources */ = {isa = PBXBuildFile; fileRef = 65A5B096244C08030057DFF5 /* stmarylake.jpg */; };
		65A5B0A4244C08030057DFF5 /* chilkoottrail.jpg in Resources */ = {isa = PBXBuildFile; fileRef = 65A5B097244C08030057DFF5 /* chilkoottrail.jpg */; };
		65A5B0A5244C08030057DFF5 /* rainbowlake.jpg in Resources */ = {isa = PBXBuildFile; fileRef = 65A5B098244C08030057DFF5 /* rainbowlake.jpg */; };
		65A5B0A7244C0A5B0057DFF5 /* UserData.swift in Sources */ = {isa = PBXBuildFile; fileRef = 65A5B0A6244C0A5B0057DFF5 /* UserData.swift */; };
		65A5B0A9244C17EB0057DFF5 /* Badge.swift in Sources */ = {isa = PBXBuildFile; fileRef = 65A5B0A8244C17EB0057DFF5 /* Badge.swift */; };
		65A5B0AB244C18B50057DFF5 /* HexagonParameters.swift in Sources */ = {isa = PBXBuildFile; fileRef = 65A5B0AA244C18B50057DFF5 /* HexagonParameters.swift */; };
		65AF630D245140B300CC81C7 /* Home.swift in Sources */ = {isa = PBXBuildFile; fileRef = 65AF630C245140B300CC81C7 /* Home.swift */; };
		65AF630F2451458700CC81C7 /* CategoryRow.swift in Sources */ = {isa = PBXBuildFile; fileRef = 65AF630E2451458700CC81C7 /* CategoryRow.swift */; };
		65AF63112453D26200CC81C7 /* Profile.swift in Sources */ = {isa = PBXBuildFile; fileRef = 65AF63102453D26200CC81C7 /* Profile.swift */; };
		65AF63132453D2EA00CC81C7 /* ProfileHost.swift in Sources */ = {isa = PBXBuildFile; fileRef = 65AF63122453D2EA00CC81C7 /* ProfileHost.swift */; };
		65AF63152453D40D00CC81C7 /* ProfileSummary.swift in Sources */ = {isa = PBXBuildFile; fileRef = 65AF63142453D40D00CC81C7 /* ProfileSummary.swift */; };
		65AF63172453D4DA00CC81C7 /* HikeBadge.swift in Sources */ = {isa = PBXBuildFile; fileRef = 65AF63162453D4DA00CC81C7 /* HikeBadge.swift */; };
		65AF6319245BF1F600CC81C7 /* ProfileEditor.swift in Sources */ = {isa = PBXBuildFile; fileRef = 65AF6318245BF1F600CC81C7 /* ProfileEditor.swift */; };
/* End PBXBuildFile section */

/* Begin PBXContainerItemProxy section */
		652E2D7A246A4204000FBA44 /* PBXContainerItemProxy */ = {
			isa = PBXContainerItemProxy;
			containerPortal = 658FED002431B82C0096EDA2 /* Project object */;
			proxyType = 1;
			remoteGlobalIDString = 652E2D77246A4204000FBA44;
			remoteInfo = "WatchLandmarks Extension";
		};
		652E2D8E246A4205000FBA44 /* PBXContainerItemProxy */ = {
			isa = PBXContainerItemProxy;
			containerPortal = 658FED002431B82C0096EDA2 /* Project object */;
			proxyType = 1;
			remoteGlobalIDString = 652E2D6B246A4203000FBA44;
			remoteInfo = WatchLandmarks;
		};
		658FED1F2431B82E0096EDA2 /* PBXContainerItemProxy */ = {
			isa = PBXContainerItemProxy;
			containerPortal = 658FED002431B82C0096EDA2 /* Project object */;
			proxyType = 1;
			remoteGlobalIDString = 658FED072431B82C0096EDA2;
			remoteInfo = Landmarks;
		};
		658FED2A2431B82E0096EDA2 /* PBXContainerItemProxy */ = {
			isa = PBXContainerItemProxy;
			containerPortal = 658FED002431B82C0096EDA2 /* Project object */;
			proxyType = 1;
			remoteGlobalIDString = 658FED072431B82C0096EDA2;
			remoteInfo = Landmarks;
		};
/* End PBXContainerItemProxy section */

/* Begin PBXCopyFilesBuildPhase section */
		652E2D91246A4205000FBA44 /* Embed Watch Content */ = {
			isa = PBXCopyFilesBuildPhase;
			buildActionMask = 2147483647;
			dstPath = "$(CONTENTS_FOLDER_PATH)/Watch";
			dstSubfolderSpec = 16;
			files = (
				652E2D90246A4205000FBA44 /* WatchLandmarks.app in Embed Watch Content */,
			);
			name = "Embed Watch Content";
			runOnlyForDeploymentPostprocessing = 0;
		};
		652E2D94246A4205000FBA44 /* Embed App Extensions */ = {
			isa = PBXCopyFilesBuildPhase;
			buildActionMask = 2147483647;
			dstPath = "";
			dstSubfolderSpec = 13;
			files = (
				652E2D79246A4204000FBA44 /* WatchLandmarks Extension.appex in Embed App Extensions */,
			);
			name = "Embed App Extensions";
			runOnlyForDeploymentPostprocessing = 0;
		};
/* End PBXCopyFilesBuildPhase section */

/* Begin PBXFileReference section */
		652E2D6C246A4203000FBA44 /* WatchLandmarks.app */ = {isa = PBXFileReference; explicitFileType = wrapper.application; includeInIndex = 0; path = WatchLandmarks.app; sourceTree = BUILT_PRODUCTS_DIR; };
		652E2D6F246A4203000FBA44 /* Base */ = {isa = PBXFileReference; lastKnownFileType = file.storyboard; name = Base; path = Base.lproj/Interface.storyboard; sourceTree = "<group>"; };
		652E2D71246A4204000FBA44 /* Assets.xcassets */ = {isa = PBXFileReference; lastKnownFileType = folder.assetcatalog; path = Assets.xcassets; sourceTree = "<group>"; };
		652E2D73246A4204000FBA44 /* Info.plist */ = {isa = PBXFileReference; lastKnownFileType = text.plist.xml; path = Info.plist; sourceTree = "<group>"; };
		652E2D78246A4204000FBA44 /* WatchLandmarks Extension.appex */ = {isa = PBXFileReference; explicitFileType = "wrapper.app-extension"; includeInIndex = 0; path = "WatchLandmarks Extension.appex"; sourceTree = BUILT_PRODUCTS_DIR; };
		652E2D7D246A4204000FBA44 /* ContentView.swift */ = {isa = PBXFileReference; lastKnownFileType = sourcecode.swift; path = ContentView.swift; sourceTree = "<group>"; };
		652E2D7F246A4204000FBA44 /* HostingController.swift */ = {isa = PBXFileReference; lastKnownFileType = sourcecode.swift; path = HostingController.swift; sourceTree = "<group>"; };
		652E2D81246A4204000FBA44 /* ExtensionDelegate.swift */ = {isa = PBXFileReference; lastKnownFileType = sourcecode.swift; path = ExtensionDelegate.swift; sourceTree = "<group>"; };
		652E2D83246A4204000FBA44 /* NotificationController.swift */ = {isa = PBXFileReference; lastKnownFileType = sourcecode.swift; path = NotificationController.swift; sourceTree = "<group>"; };
		652E2D85246A4204000FBA44 /* NotificationView.swift */ = {isa = PBXFileReference; lastKnownFileType = sourcecode.swift; path = NotificationView.swift; sourceTree = "<group>"; };
		652E2D87246A4205000FBA44 /* Assets.xcassets */ = {isa = PBXFileReference; lastKnownFileType = folder.assetcatalog; path = Assets.xcassets; sourceTree = "<group>"; };
		652E2D8A246A4205000FBA44 /* Preview Assets.xcassets */ = {isa = PBXFileReference; lastKnownFileType = folder.assetcatalog; path = "Preview Assets.xcassets"; sourceTree = "<group>"; };
		652E2D8C246A4205000FBA44 /* Info.plist */ = {isa = PBXFileReference; lastKnownFileType = text.plist.xml; path = Info.plist; sourceTree = "<group>"; };
		652E2D8D246A4205000FBA44 /* PushNotificationPayload.apns */ = {isa = PBXFileReference; lastKnownFileType = text; path = PushNotificationPayload.apns; sourceTree = "<group>"; };
		65628A54244EBEE1001FB944 /* BadgeBackground.swift */ = {isa = PBXFileReference; lastKnownFileType = sourcecode.swift; path = BadgeBackground.swift; sourceTree = "<group>"; };
		65628A56244EBF77001FB944 /* BadgeSymbol.swift */ = {isa = PBXFileReference; lastKnownFileType = sourcecode.swift; path = BadgeSymbol.swift; sourceTree = "<group>"; };
		65628A58244EC05E001FB944 /* RotatedBadgeSymbol.swift */ = {isa = PBXFileReference; lastKnownFileType = sourcecode.swift; path = RotatedBadgeSymbol.swift; sourceTree = "<group>"; };
		6580CF86243D7DF0003D5A7B /* MapView.swift */ = {isa = PBXFileReference; lastKnownFileType = sourcecode.swift; path = MapView.swift; sourceTree = "<group>"; };
		6580CF8B243EBF39003D5A7B /* Landmark.swift */ = {isa = PBXFileReference; lastKnownFileType = sourcecode.swift; path = Landmark.swift; sourceTree = "<group>"; usesTabs = 1; };
		6580CF8D243EBF65003D5A7B /* Data.swift */ = {isa = PBXFileReference; lastKnownFileType = sourcecode.swift; path = Data.swift; sourceTree = "<group>"; };
		6580CFAC243EC0CE003D5A7B /* LandmarkRow.swift */ = {isa = PBXFileReference; lastKnownFileType = sourcecode.swift; path = LandmarkRow.swift; sourceTree = "<group>"; };
		6580CFB0243EC413003D5A7B /* LandmarkList.swift */ = {isa = PBXFileReference; lastKnownFileType = sourcecode.swift; path = LandmarkList.swift; sourceTree = "<group>"; };
		658A08FB24512D13009A43BA /* HikeView.swift */ = {isa = PBXFileReference; lastKnownFileType = sourcecode.swift; path = HikeView.swift; sourceTree = "<group>"; };
		658A08FD2451318C009A43BA /* Hike.swift */ = {isa = PBXFileReference; lastKnownFileType = sourcecode.swift; path = Hike.swift; sourceTree = "<group>"; };
		658A08FF245131EA009A43BA /* hikeData.json */ = {isa = PBXFileReference; lastKnownFileType = text.json; path = hikeData.json; sourceTree = "<group>"; };
		658A0902245132AD009A43BA /* GraphCapsule.swift */ = {isa = PBXFileReference; lastKnownFileType = sourcecode.swift; path = GraphCapsule.swift; sourceTree = "<group>"; };
		658A0904245132D7009A43BA /* HikeGraph.swift */ = {isa = PBXFileReference; lastKnownFileType = sourcecode.swift; path = HikeGraph.swift; sourceTree = "<group>"; };
		658A09062451332E009A43BA /* HikeDetail.swift */ = {isa = PBXFileReference; lastKnownFileType = sourcecode.swift; path = HikeDetail.swift; sourceTree = "<group>"; };
		658FED082431B82C0096EDA2 /* Landmarks.app */ = {isa = PBXFileReference; explicitFileType = wrapper.application; includeInIndex = 0; path = Landmarks.app; sourceTree = BUILT_PRODUCTS_DIR; };
		658FED0B2431B82C0096EDA2 /* AppDelegate.swift */ = {isa = PBXFileReference; lastKnownFileType = sourcecode.swift; path = AppDelegate.swift; sourceTree = "<group>"; };
		658FED0D2431B82C0096EDA2 /* SceneDelegate.swift */ = {isa = PBXFileReference; lastKnownFileType = sourcecode.swift; path = SceneDelegate.swift; sourceTree = "<group>"; };
		658FED0F2431B82C0096EDA2 /* LandmarkDetail.swift */ = {isa = PBXFileReference; lastKnownFileType = sourcecode.swift; path = LandmarkDetail.swift; sourceTree = "<group>"; };
		658FED112431B82E0096EDA2 /* Assets.xcassets */ = {isa = PBXFileReference; lastKnownFileType = folder.assetcatalog; path = Assets.xcassets; sourceTree = "<group>"; };
		658FED142431B82E0096EDA2 /* Preview Assets.xcassets */ = {isa = PBXFileReference; lastKnownFileType = folder.assetcatalog; path = "Preview Assets.xcassets"; sourceTree = "<group>"; };
		658FED172431B82E0096EDA2 /* Base */ = {isa = PBXFileReference; lastKnownFileType = file.storyboard; name = Base; path = Base.lproj/LaunchScreen.storyboard; sourceTree = "<group>"; };
		658FED192431B82E0096EDA2 /* Info.plist */ = {isa = PBXFileReference; lastKnownFileType = text.plist.xml; path = Info.plist; sourceTree = "<group>"; };
		658FED1E2431B82E0096EDA2 /* LandmarksTests.xctest */ = {isa = PBXFileReference; explicitFileType = wrapper.cfbundle; includeInIndex = 0; path = LandmarksTests.xctest; sourceTree = BUILT_PRODUCTS_DIR; };
		658FED222431B82E0096EDA2 /* LandmarksTests.swift */ = {isa = PBXFileReference; lastKnownFileType = sourcecode.swift; path = LandmarksTests.swift; sourceTree = "<group>"; };
		658FED242431B82E0096EDA2 /* Info.plist */ = {isa = PBXFileReference; lastKnownFileType = text.plist.xml; path = Info.plist; sourceTree = "<group>"; };
		658FED292431B82E0096EDA2 /* LandmarksUITests.xctest */ = {isa = PBXFileReference; explicitFileType = wrapper.cfbundle; includeInIndex = 0; path = LandmarksUITests.xctest; sourceTree = BUILT_PRODUCTS_DIR; };
		658FED2D2431B82E0096EDA2 /* LandmarksUITests.swift */ = {isa = PBXFileReference; lastKnownFileType = sourcecode.swift; path = LandmarksUITests.swift; sourceTree = "<group>"; };
		658FED2F2431B82E0096EDA2 /* Info.plist */ = {isa = PBXFileReference; lastKnownFileType = text.plist.xml; path = Info.plist; sourceTree = "<group>"; };
		6599FD942433CDFE006C3A59 /* CircleImage.swift */ = {isa = PBXFileReference; lastKnownFileType = sourcecode.swift; path = CircleImage.swift; sourceTree = "<group>"; };
		659E2A61245E7846006BEA7E /* PageViewController.swift */ = {isa = PBXFileReference; lastKnownFileType = sourcecode.swift; path = PageViewController.swift; sourceTree = "<group>"; };
		659E2A63245E7A65006BEA7E /* PageView.swift */ = {isa = PBXFileReference; lastKnownFileType = sourcecode.swift; path = PageView.swift; sourceTree = "<group>"; };
		659E2A65245E7B9D006BEA7E /* FeatureCard.swift */ = {isa = PBXFileReference; lastKnownFileType = sourcecode.swift; path = FeatureCard.swift; sourceTree = "<group>"; };
		659E2A67245E7DE3006BEA7E /* turtlerock_feature.jpg */ = {isa = PBXFileReference; lastKnownFileType = image.jpeg; path = turtlerock_feature.jpg; sourceTree = "<group>"; };
		659E2A69245E82BD006BEA7E /* stmarylake_feature.jpg */ = {isa = PBXFileReference; lastKnownFileType = image.jpeg; path = stmarylake_feature.jpg; sourceTree = "<group>"; };
		659E2A6B245E82ED006BEA7E /* charleyrivers_feature.jpg */ = {isa = PBXFileReference; lastKnownFileType = image.jpeg; path = charleyrivers_feature.jpg; sourceTree = "<group>"; };
		65A5B08C244C08030057DFF5 /* charleyrivers.jpg */ = {isa = PBXFileReference; lastKnownFileType = image.jpeg; path = charleyrivers.jpg; sourceTree = "<group>"; };
		65A5B08D244C08030057DFF5 /* turtlerock.jpg */ = {isa = PBXFileReference; lastKnownFileType = image.jpeg; path = turtlerock.jpg; sourceTree = "<group>"; };
		65A5B08E244C08030057DFF5 /* silversalmoncreek.jpg */ = {isa = PBXFileReference; lastKnownFileType = image.jpeg; path = silversalmoncreek.jpg; sourceTree = "<group>"; };
		65A5B08F244C08030057DFF5 /* icybay.jpg */ = {isa = PBXFileReference; lastKnownFileType = image.jpeg; path = icybay.jpg; sourceTree = "<group>"; };
		65A5B090244C08030057DFF5 /* lakemcdonald.jpg */ = {isa = PBXFileReference; lastKnownFileType = image.jpeg; path = lakemcdonald.jpg; sourceTree = "<group>"; };
		65A5B091244C08030057DFF5 /* hiddenlake.jpg */ = {isa = PBXFileReference; lastKnownFileType = image.jpeg; path = hiddenlake.jpg; sourceTree = "<group>"; };
		65A5B092244C08030057DFF5 /* twinlake.jpg */ = {isa = PBXFileReference; lastKnownFileType = image.jpeg; path = twinlake.jpg; sourceTree = "<group>"; };
		65A5B093244C08030057DFF5 /* umbagog.jpg */ = {isa = PBXFileReference; lastKnownFileType = image.jpeg; path = umbagog.jpg; sourceTree = "<group>"; };
		65A5B094244C08030057DFF5 /* landmarkData.json */ = {isa = PBXFileReference; fileEncoding = 4; lastKnownFileType = text.json; path = landmarkData.json; sourceTree = "<group>"; };
		65A5B095244C08030057DFF5 /* chincoteague.jpg */ = {isa = PBXFileReference; lastKnownFileType = image.jpeg; path = chincoteague.jpg; sourceTree = "<group>"; };
		65A5B096244C08030057DFF5 /* stmarylake.jpg */ = {isa = PBXFileReference; lastKnownFileType = image.jpeg; path = stmarylake.jpg; sourceTree = "<group>"; };
		65A5B097244C08030057DFF5 /* chilkoottrail.jpg */ = {isa = PBXFileReference; lastKnownFileType = image.jpeg; path = chilkoottrail.jpg; sourceTree = "<group>"; };
		65A5B098244C08030057DFF5 /* rainbowlake.jpg */ = {isa = PBXFileReference; lastKnownFileType = image.jpeg; path = rainbowlake.jpg; sourceTree = "<group>"; };
		65A5B0A6244C0A5B0057DFF5 /* UserData.swift */ = {isa = PBXFileReference; lastKnownFileType = sourcecode.swift; path = UserData.swift; sourceTree = "<group>"; };
		65A5B0A8244C17EB0057DFF5 /* Badge.swift */ = {isa = PBXFileReference; lastKnownFileType = sourcecode.swift; path = Badge.swift; sourceTree = "<group>"; };
		65A5B0AA244C18B50057DFF5 /* HexagonParameters.swift */ = {isa = PBXFileReference; lastKnownFileType = sourcecode.swift; path = HexagonParameters.swift; sourceTree = "<group>"; };
		65AF630C245140B300CC81C7 /* Home.swift */ = {isa = PBXFileReference; lastKnownFileType = sourcecode.swift; path = Home.swift; sourceTree = "<group>"; };
		65AF630E2451458700CC81C7 /* CategoryRow.swift */ = {isa = PBXFileReference; lastKnownFileType = sourcecode.swift; path = CategoryRow.swift; sourceTree = "<group>"; };
		65AF63102453D26200CC81C7 /* Profile.swift */ = {isa = PBXFileReference; lastKnownFileType = sourcecode.swift; path = Profile.swift; sourceTree = "<group>"; };
		65AF63122453D2EA00CC81C7 /* ProfileHost.swift */ = {isa = PBXFileReference; lastKnownFileType = sourcecode.swift; path = ProfileHost.swift; sourceTree = "<group>"; };
		65AF63142453D40D00CC81C7 /* ProfileSummary.swift */ = {isa = PBXFileReference; lastKnownFileType = sourcecode.swift; path = ProfileSummary.swift; sourceTree = "<group>"; };
		65AF63162453D4DA00CC81C7 /* HikeBadge.swift */ = {isa = PBXFileReference; lastKnownFileType = sourcecode.swift; path = HikeBadge.swift; sourceTree = "<group>"; };
		65AF6318245BF1F600CC81C7 /* ProfileEditor.swift */ = {isa = PBXFileReference; lastKnownFileType = sourcecode.swift; path = ProfileEditor.swift; sourceTree = "<group>"; };
/* End PBXFileReference section */

/* Begin PBXFrameworksBuildPhase section */
		652E2D75246A4204000FBA44 /* Frameworks */ = {
			isa = PBXFrameworksBuildPhase;
			buildActionMask = 2147483647;
			files = (
			);
			runOnlyForDeploymentPostprocessing = 0;
		};
		658FED052431B82C0096EDA2 /* Frameworks */ = {
			isa = PBXFrameworksBuildPhase;
			buildActionMask = 2147483647;
			files = (
			);
			runOnlyForDeploymentPostprocessing = 0;
		};
		658FED1B2431B82E0096EDA2 /* Frameworks */ = {
			isa = PBXFrameworksBuildPhase;
			buildActionMask = 2147483647;
			files = (
			);
			runOnlyForDeploymentPostprocessing = 0;
		};
		658FED262431B82E0096EDA2 /* Frameworks */ = {
			isa = PBXFrameworksBuildPhase;
			buildActionMask = 2147483647;
			files = (
			);
			runOnlyForDeploymentPostprocessing = 0;
		};
/* End PBXFrameworksBuildPhase section */

/* Begin PBXGroup section */
		652E2D6D246A4203000FBA44 /* WatchLandmarks */ = {
			isa = PBXGroup;
			children = (
				652E2D6E246A4203000FBA44 /* Interface.storyboard */,
				652E2D71246A4204000FBA44 /* Assets.xcassets */,
				652E2D73246A4204000FBA44 /* Info.plist */,
			);
			path = WatchLandmarks;
			sourceTree = "<group>";
		};
		652E2D7C246A4204000FBA44 /* WatchLandmarks Extension */ = {
			isa = PBXGroup;
			children = (
				652E2D7D246A4204000FBA44 /* ContentView.swift */,
				652E2D7F246A4204000FBA44 /* HostingController.swift */,
				652E2D81246A4204000FBA44 /* ExtensionDelegate.swift */,
				652E2D83246A4204000FBA44 /* NotificationController.swift */,
				652E2D85246A4204000FBA44 /* NotificationView.swift */,
				652E2D87246A4205000FBA44 /* Assets.xcassets */,
				652E2D8C246A4205000FBA44 /* Info.plist */,
				652E2D8D246A4205000FBA44 /* PushNotificationPayload.apns */,
				652E2D89246A4205000FBA44 /* Preview Content */,
			);
			path = "WatchLandmarks Extension";
			sourceTree = "<group>";
		};
		652E2D89246A4205000FBA44 /* Preview Content */ = {
			isa = PBXGroup;
			children = (
				652E2D8A246A4205000FBA44 /* Preview Assets.xcassets */,
			);
			path = "Preview Content";
			sourceTree = "<group>";
		};
		6580CF8A243EBE95003D5A7B /* Models */ = {
			isa = PBXGroup;
			children = (
				65A5B0A6244C0A5B0057DFF5 /* UserData.swift */,
				6580CF8B243EBF39003D5A7B /* Landmark.swift */,
				6580CF8D243EBF65003D5A7B /* Data.swift */,
				658A08FD2451318C009A43BA /* Hike.swift */,
				65AF63102453D26200CC81C7 /* Profile.swift */,
			);
			path = Models;
			sourceTree = "<group>";
		};
		658A090124513251009A43BA /* Supporting Views */ = {
			isa = PBXGroup;
			children = (
				6599FD942433CDFE006C3A59 /* CircleImage.swift */,
				6580CFAC243EC0CE003D5A7B /* LandmarkRow.swift */,
				6580CF86243D7DF0003D5A7B /* MapView.swift */,
				65628A56244EBF77001FB944 /* BadgeSymbol.swift */,
				65628A54244EBEE1001FB944 /* BadgeBackground.swift */,
				65628A58244EC05E001FB944 /* RotatedBadgeSymbol.swift */,
				65A5B0A8244C17EB0057DFF5 /* Badge.swift */,
				658A0902245132AD009A43BA /* GraphCapsule.swift */,
				658A0904245132D7009A43BA /* HikeGraph.swift */,
				659E2A65245E7B9D006BEA7E /* FeatureCard.swift */,
			);
			path = "Supporting Views";
			sourceTree = "<group>";
		};
		658FECFF2431B82C0096EDA2 = {
			isa = PBXGroup;
			children = (
				658FED0A2431B82C0096EDA2 /* Landmarks */,
				658FED212431B82E0096EDA2 /* LandmarksTests */,
				658FED2C2431B82E0096EDA2 /* LandmarksUITests */,
				652E2D6D246A4203000FBA44 /* WatchLandmarks */,
				652E2D7C246A4204000FBA44 /* WatchLandmarks Extension */,
				658FED092431B82C0096EDA2 /* Products */,
			);
			sourceTree = "<group>";
		};
		658FED092431B82C0096EDA2 /* Products */ = {
			isa = PBXGroup;
			children = (
				658FED082431B82C0096EDA2 /* Landmarks.app */,
				658FED1E2431B82E0096EDA2 /* LandmarksTests.xctest */,
				658FED292431B82E0096EDA2 /* LandmarksUITests.xctest */,
				652E2D6C246A4203000FBA44 /* WatchLandmarks.app */,
				652E2D78246A4204000FBA44 /* WatchLandmarks Extension.appex */,
			);
			name = Products;
			sourceTree = "<group>";
		};
		658FED0A2431B82C0096EDA2 /* Landmarks */ = {
			isa = PBXGroup;
			children = (
				658FED0B2431B82C0096EDA2 /* AppDelegate.swift */,
				658FED0D2431B82C0096EDA2 /* SceneDelegate.swift */,
				658FED0F2431B82C0096EDA2 /* LandmarkDetail.swift */,
				6580CFB0243EC413003D5A7B /* LandmarkList.swift */,
				65A5B0AA244C18B50057DFF5 /* HexagonParameters.swift */,
				658A08FB24512D13009A43BA /* HikeView.swift */,
				658A09062451332E009A43BA /* HikeDetail.swift */,
				65AF630C245140B300CC81C7 /* Home.swift */,
				65AF630E2451458700CC81C7 /* CategoryRow.swift */,
				658FED112431B82E0096EDA2 /* Assets.xcassets */,
				658FED162431B82E0096EDA2 /* LaunchScreen.storyboard */,
				658FED192431B82E0096EDA2 /* Info.plist */,
				659E2A60245E77E9006BEA7E /* Profile */,
				658A090124513251009A43BA /* Supporting Views */,
				65A5B08B244C08030057DFF5 /* Resources */,
				6580CF8A243EBE95003D5A7B /* Models */,
				658FED132431B82E0096EDA2 /* Preview Content */,
				65AF63162453D4DA00CC81C7 /* HikeBadge.swift */,
				659E2A61245E7846006BEA7E /* PageViewController.swift */,
				659E2A63245E7A65006BEA7E /* PageView.swift */,
			);
			path = Landmarks;
			sourceTree = "<group>";
		};
		658FED132431B82E0096EDA2 /* Preview Content */ = {
			isa = PBXGroup;
			children = (
				658FED142431B82E0096EDA2 /* Preview Assets.xcassets */,
			);
			path = "Preview Content";
			sourceTree = "<group>";
		};
		658FED212431B82E0096EDA2 /* LandmarksTests */ = {
			isa = PBXGroup;
			children = (
				658FED222431B82E0096EDA2 /* LandmarksTests.swift */,
				658FED242431B82E0096EDA2 /* Info.plist */,
			);
			path = LandmarksTests;
			sourceTree = "<group>";
		};
		658FED2C2431B82E0096EDA2 /* LandmarksUITests */ = {
			isa = PBXGroup;
			children = (
				658FED2D2431B82E0096EDA2 /* LandmarksUITests.swift */,
				658FED2F2431B82E0096EDA2 /* Info.plist */,
			);
			path = LandmarksUITests;
			sourceTree = "<group>";
		};
		659E2A60245E77E9006BEA7E /* Profile */ = {
			isa = PBXGroup;
			children = (
				65AF63142453D40D00CC81C7 /* ProfileSummary.swift */,
				65AF6318245BF1F600CC81C7 /* ProfileEditor.swift */,
				65AF63122453D2EA00CC81C7 /* ProfileHost.swift */,
			);
			path = Profile;
			sourceTree = "<group>";
		};
		65A5B08B244C08030057DFF5 /* Resources */ = {
			isa = PBXGroup;
			children = (
				659E2A6B245E82ED006BEA7E /* charleyrivers_feature.jpg */,
				659E2A69245E82BD006BEA7E /* stmarylake_feature.jpg */,
				659E2A67245E7DE3006BEA7E /* turtlerock_feature.jpg */,
				65A5B08C244C08030057DFF5 /* charleyrivers.jpg */,
				65A5B08D244C08030057DFF5 /* turtlerock.jpg */,
				65A5B08E244C08030057DFF5 /* silversalmoncreek.jpg */,
				65A5B08F244C08030057DFF5 /* icybay.jpg */,
				65A5B090244C08030057DFF5 /* lakemcdonald.jpg */,
				65A5B091244C08030057DFF5 /* hiddenlake.jpg */,
				65A5B092244C08030057DFF5 /* twinlake.jpg */,
				65A5B093244C08030057DFF5 /* umbagog.jpg */,
				658A08FF245131EA009A43BA /* hikeData.json */,
				65A5B094244C08030057DFF5 /* landmarkData.json */,
				65A5B095244C08030057DFF5 /* chincoteague.jpg */,
				65A5B096244C08030057DFF5 /* stmarylake.jpg */,
				65A5B097244C08030057DFF5 /* chilkoottrail.jpg */,
				65A5B098244C08030057DFF5 /* rainbowlake.jpg */,
			);
			path = Resources;
			sourceTree = "<group>";
		};
/* End PBXGroup section */

/* Begin PBXNativeTarget section */
		652E2D6B246A4203000FBA44 /* WatchLandmarks */ = {
			isa = PBXNativeTarget;
			buildConfigurationList = 652E2D98246A4205000FBA44 /* Build configuration list for PBXNativeTarget "WatchLandmarks" */;
			buildPhases = (
				652E2D6A246A4203000FBA44 /* Resources */,
				652E2D94246A4205000FBA44 /* Embed App Extensions */,
			);
			buildRules = (
			);
			dependencies = (
				652E2D7B246A4204000FBA44 /* PBXTargetDependency */,
			);
			name = WatchLandmarks;
			productName = WatchLandmarks;
			productReference = 652E2D6C246A4203000FBA44 /* WatchLandmarks.app */;
			productType = "com.apple.product-type.application.watchapp2";
		};
		652E2D77246A4204000FBA44 /* WatchLandmarks Extension */ = {
			isa = PBXNativeTarget;
			buildConfigurationList = 652E2D97246A4205000FBA44 /* Build configuration list for PBXNativeTarget "WatchLandmarks Extension" */;
			buildPhases = (
				652E2D74246A4204000FBA44 /* Sources */,
				652E2D75246A4204000FBA44 /* Frameworks */,
				652E2D76246A4204000FBA44 /* Resources */,
			);
			buildRules = (
			);
			dependencies = (
			);
			name = "WatchLandmarks Extension";
			productName = "WatchLandmarks Extension";
			productReference = 652E2D78246A4204000FBA44 /* WatchLandmarks Extension.appex */;
			productType = "com.apple.product-type.watchkit2-extension";
		};
		658FED072431B82C0096EDA2 /* Landmarks */ = {
			isa = PBXNativeTarget;
			buildConfigurationList = 658FED322431B82E0096EDA2 /* Build configuration list for PBXNativeTarget "Landmarks" */;
			buildPhases = (
				658FED042431B82C0096EDA2 /* Sources */,
				658FED052431B82C0096EDA2 /* Frameworks */,
				658FED062431B82C0096EDA2 /* Resources */,
				652E2D91246A4205000FBA44 /* Embed Watch Content */,
			);
			buildRules = (
			);
			dependencies = (
				652E2D8F246A4205000FBA44 /* PBXTargetDependency */,
			);
			name = Landmarks;
			productName = Landmarks;
			productReference = 658FED082431B82C0096EDA2 /* Landmarks.app */;
			productType = "com.apple.product-type.application";
		};
		658FED1D2431B82E0096EDA2 /* LandmarksTests */ = {
			isa = PBXNativeTarget;
			buildConfigurationList = 658FED352431B82E0096EDA2 /* Build configuration list for PBXNativeTarget "LandmarksTests" */;
			buildPhases = (
				658FED1A2431B82E0096EDA2 /* Sources */,
				658FED1B2431B82E0096EDA2 /* Frameworks */,
				658FED1C2431B82E0096EDA2 /* Resources */,
			);
			buildRules = (
			);
			dependencies = (
				658FED202431B82E0096EDA2 /* PBXTargetDependency */,
			);
			name = LandmarksTests;
			productName = LandmarksTests;
			productReference = 658FED1E2431B82E0096EDA2 /* LandmarksTests.xctest */;
			productType = "com.apple.product-type.bundle.unit-test";
		};
		658FED282431B82E0096EDA2 /* LandmarksUITests */ = {
			isa = PBXNativeTarget;
			buildConfigurationList = 658FED382431B82E0096EDA2 /* Build configuration list for PBXNativeTarget "LandmarksUITests" */;
			buildPhases = (
				658FED252431B82E0096EDA2 /* Sources */,
				658FED262431B82E0096EDA2 /* Frameworks */,
				658FED272431B82E0096EDA2 /* Resources */,
			);
			buildRules = (
			);
			dependencies = (
				658FED2B2431B82E0096EDA2 /* PBXTargetDependency */,
			);
			name = LandmarksUITests;
			productName = LandmarksUITests;
			productReference = 658FED292431B82E0096EDA2 /* LandmarksUITests.xctest */;
			productType = "com.apple.product-type.bundle.ui-testing";
		};
/* End PBXNativeTarget section */

/* Begin PBXProject section */
		658FED002431B82C0096EDA2 /* Project object */ = {
			isa = PBXProject;
			attributes = {
				LastSwiftUpdateCheck = 1140;
				LastUpgradeCheck = 1140;
				ORGANIZATIONNAME = "Rigo Hernandez";
				TargetAttributes = {
					652E2D6B246A4203000FBA44 = {
						CreatedOnToolsVersion = 11.4.1;
					};
					652E2D77246A4204000FBA44 = {
						CreatedOnToolsVersion = 11.4.1;
					};
					658FED072431B82C0096EDA2 = {
						CreatedOnToolsVersion = 11.4;
					};
					658FED1D2431B82E0096EDA2 = {
						CreatedOnToolsVersion = 11.4;
						TestTargetID = 658FED072431B82C0096EDA2;
					};
					658FED282431B82E0096EDA2 = {
						CreatedOnToolsVersion = 11.4;
						TestTargetID = 658FED072431B82C0096EDA2;
					};
				};
			};
			buildConfigurationList = 658FED032431B82C0096EDA2 /* Build configuration list for PBXProject "Landmarks" */;
			compatibilityVersion = "Xcode 9.3";
			developmentRegion = en;
			hasScannedForEncodings = 0;
			knownRegions = (
				en,
				Base,
			);
			mainGroup = 658FECFF2431B82C0096EDA2;
			productRefGroup = 658FED092431B82C0096EDA2 /* Products */;
			projectDirPath = "";
			projectRoot = "";
			targets = (
				658FED072431B82C0096EDA2 /* Landmarks */,
				658FED1D2431B82E0096EDA2 /* LandmarksTests */,
				658FED282431B82E0096EDA2 /* LandmarksUITests */,
				652E2D6B246A4203000FBA44 /* WatchLandmarks */,
				652E2D77246A4204000FBA44 /* WatchLandmarks Extension */,
			);
		};
/* End PBXProject section */

/* Begin PBXResourcesBuildPhase section */
		652E2D6A246A4203000FBA44 /* Resources */ = {
			isa = PBXResourcesBuildPhase;
			buildActionMask = 2147483647;
			files = (
				652E2D72246A4204000FBA44 /* Assets.xcassets in Resources */,
				652E2D70246A4203000FBA44 /* Interface.storyboard in Resources */,
			);
			runOnlyForDeploymentPostprocessing = 0;
		};
		652E2D76246A4204000FBA44 /* Resources */ = {
			isa = PBXResourcesBuildPhase;
			buildActionMask = 2147483647;
			files = (
				652E2D8B246A4205000FBA44 /* Preview Assets.xcassets in Resources */,
				652E2D88246A4205000FBA44 /* Assets.xcassets in Resources */,
			);
			runOnlyForDeploymentPostprocessing = 0;
		};
		658FED062431B82C0096EDA2 /* Resources */ = {
			isa = PBXResourcesBuildPhase;
			buildActionMask = 2147483647;
			files = (
				658FED182431B82E0096EDA2 /* LaunchScreen.storyboard in Resources */,
				658FED152431B82E0096EDA2 /* Preview Assets.xcassets in Resources */,
				658A0900245131EA009A43BA /* hikeData.json in Resources */,
				658FED122431B82E0096EDA2 /* Assets.xcassets in Resources */,
				65A5B09B244C08030057DFF5 /* silversalmoncreek.jpg in Resources */,
				659E2A68245E7DE4006BEA7E /* turtlerock_feature.jpg in Resources */,
				65A5B099244C08030057DFF5 /* charleyrivers.jpg in Resources */,
				65A5B0A2244C08030057DFF5 /* chincoteague.jpg in Resources */,
				65A5B0A3244C08030057DFF5 /* stmarylake.jpg in Resources */,
				65A5B0A1244C08030057DFF5 /* landmarkData.json in Resources */,
				659E2A6C245E82EE006BEA7E /* charleyrivers_feature.jpg in Resources */,
				65A5B09C244C08030057DFF5 /* icybay.jpg in Resources */,
				659E2A6A245E82BD006BEA7E /* stmarylake_feature.jpg in Resources */,
				65A5B09F244C08030057DFF5 /* twinlake.jpg in Resources */,
				65A5B09D244C08030057DFF5 /* lakemcdonald.jpg in Resources */,
				65A5B09E244C08030057DFF5 /* hiddenlake.jpg in Resources */,
				65A5B0A0244C08030057DFF5 /* umbagog.jpg in Resources */,
				65A5B0A5244C08030057DFF5 /* rainbowlake.jpg in Resources */,
				65A5B0A4244C08030057DFF5 /* chilkoottrail.jpg in Resources */,
				65A5B09A244C08030057DFF5 /* turtlerock.jpg in Resources */,
			);
			runOnlyForDeploymentPostprocessing = 0;
		};
		658FED1C2431B82E0096EDA2 /* Resources */ = {
			isa = PBXResourcesBuildPhase;
			buildActionMask = 2147483647;
			files = (
			);
			runOnlyForDeploymentPostprocessing = 0;
		};
		658FED272431B82E0096EDA2 /* Resources */ = {
			isa = PBXResourcesBuildPhase;
			buildActionMask = 2147483647;
			files = (
			);
			runOnlyForDeploymentPostprocessing = 0;
		};
/* End PBXResourcesBuildPhase section */

/* Begin PBXSourcesBuildPhase section */
		652E2D74246A4204000FBA44 /* Sources */ = {
			isa = PBXSourcesBuildPhase;
			buildActionMask = 2147483647;
			files = (
				652E2D80246A4204000FBA44 /* HostingController.swift in Sources */,
				652E2D7E246A4204000FBA44 /* ContentView.swift in Sources */,
				652E2D84246A4204000FBA44 /* NotificationController.swift in Sources */,
				652E2D82246A4204000FBA44 /* ExtensionDelegate.swift in Sources */,
				652E2D86246A4204000FBA44 /* NotificationView.swift in Sources */,
			);
			runOnlyForDeploymentPostprocessing = 0;
		};
		658FED042431B82C0096EDA2 /* Sources */ = {
			isa = PBXSourcesBuildPhase;
			buildActionMask = 2147483647;
			files = (
				658A08FE2451318C009A43BA /* Hike.swift in Sources */,
				65A5B0AB244C18B50057DFF5 /* HexagonParameters.swift in Sources */,
				6580CF8E243EBF65003D5A7B /* Data.swift in Sources */,
				65AF63132453D2EA00CC81C7 /* ProfileHost.swift in Sources */,
				659E2A66245E7B9D006BEA7E /* FeatureCard.swift in Sources */,
				65AF63112453D26200CC81C7 /* Profile.swift in Sources */,
				658FED0C2431B82C0096EDA2 /* AppDelegate.swift in Sources */,
				659E2A64245E7A65006BEA7E /* PageView.swift in Sources */,
				658A0905245132D7009A43BA /* HikeGraph.swift in Sources */,
				65A5B0A9244C17EB0057DFF5 /* Badge.swift in Sources */,
				6599FD952433CDFE006C3A59 /* CircleImage.swift in Sources */,
				658A08FC24512D13009A43BA /* HikeView.swift in Sources */,
				6580CF87243D7DF0003D5A7B /* MapView.swift in Sources */,
				65699106244801EC0020EDD5 /* LandmarkList.swift in Sources */,
				65628A57244EBF77001FB944 /* BadgeSymbol.swift in Sources */,
				65628A59244EC05E001FB944 /* RotatedBadgeSymbol.swift in Sources */,
				65699105244801D40020EDD5 /* LandmarkDetail.swift in Sources */,
				659E2A62245E7846006BEA7E /* PageViewController.swift in Sources */,
				65AF630D245140B300CC81C7 /* Home.swift in Sources */,
				65AF63172453D4DA00CC81C7 /* HikeBadge.swift in Sources */,
				65628A55244EBEE1001FB944 /* BadgeBackground.swift in Sources */,
				658FED0E2431B82C0096EDA2 /* SceneDelegate.swift in Sources */,
				658A0903245132AD009A43BA /* GraphCapsule.swift in Sources */,
				6580CFAD243EC0CE003D5A7B /* LandmarkRow.swift in Sources */,
				65A5B0A7244C0A5B0057DFF5 /* UserData.swift in Sources */,
				65AF630F2451458700CC81C7 /* CategoryRow.swift in Sources */,
				65AF63152453D40D00CC81C7 /* ProfileSummary.swift in Sources */,
				6580CF8C243EBF39003D5A7B /* Landmark.swift in Sources */,
				658A09072451332E009A43BA /* HikeDetail.swift in Sources */,
				65AF6319245BF1F600CC81C7 /* ProfileEditor.swift in Sources */,
			);
			runOnlyForDeploymentPostprocessing = 0;
		};
		658FED1A2431B82E0096EDA2 /* Sources */ = {
			isa = PBXSourcesBuildPhase;
			buildActionMask = 2147483647;
			files = (
				658FED232431B82E0096EDA2 /* LandmarksTests.swift in Sources */,
			);
			runOnlyForDeploymentPostprocessing = 0;
		};
		658FED252431B82E0096EDA2 /* Sources */ = {
			isa = PBXSourcesBuildPhase;
			buildActionMask = 2147483647;
			files = (
				658FED2E2431B82E0096EDA2 /* LandmarksUITests.swift in Sources */,
			);
			runOnlyForDeploymentPostprocessing = 0;
		};
/* End PBXSourcesBuildPhase section */

/* Begin PBXTargetDependency section */
		652E2D7B246A4204000FBA44 /* PBXTargetDependency */ = {
			isa = PBXTargetDependency;
			target = 652E2D77246A4204000FBA44 /* WatchLandmarks Extension */;
			targetProxy = 652E2D7A246A4204000FBA44 /* PBXContainerItemProxy */;
		};
		652E2D8F246A4205000FBA44 /* PBXTargetDependency */ = {
			isa = PBXTargetDependency;
			target = 652E2D6B246A4203000FBA44 /* WatchLandmarks */;
			targetProxy = 652E2D8E246A4205000FBA44 /* PBXContainerItemProxy */;
		};
		658FED202431B82E0096EDA2 /* PBXTargetDependency */ = {
			isa = PBXTargetDependency;
			target = 658FED072431B82C0096EDA2 /* Landmarks */;
			targetProxy = 658FED1F2431B82E0096EDA2 /* PBXContainerItemProxy */;
		};
		658FED2B2431B82E0096EDA2 /* PBXTargetDependency */ = {
			isa = PBXTargetDependency;
			target = 658FED072431B82C0096EDA2 /* Landmarks */;
			targetProxy = 658FED2A2431B82E0096EDA2 /* PBXContainerItemProxy */;
		};
/* End PBXTargetDependency section */

/* Begin PBXVariantGroup section */
		652E2D6E246A4203000FBA44 /* Interface.storyboard */ = {
			isa = PBXVariantGroup;
			children = (
				652E2D6F246A4203000FBA44 /* Base */,
			);
			name = Interface.storyboard;
			sourceTree = "<group>";
		};
		658FED162431B82E0096EDA2 /* LaunchScreen.storyboard */ = {
			isa = PBXVariantGroup;
			children = (
				658FED172431B82E0096EDA2 /* Base */,
			);
			name = LaunchScreen.storyboard;
			sourceTree = "<group>";
		};
/* End PBXVariantGroup section */

/* Begin XCBuildConfiguration section */
		652E2D92246A4205000FBA44 /* Debug */ = {
			isa = XCBuildConfiguration;
			buildSettings = {
				ALWAYS_EMBED_SWIFT_STANDARD_LIBRARIES = YES;
				ASSETCATALOG_COMPILER_APPICON_NAME = AppIcon;
				CODE_SIGN_STYLE = Automatic;
				DEVELOPMENT_TEAM = 5T8QJ8WJF7;
				IBSC_MODULE = WatchLandmarks_Extension;
				INFOPLIST_FILE = WatchLandmarks/Info.plist;
				PRODUCT_BUNDLE_IDENTIFIER = com.rigohernandez.Landmarks.watchkitapp;
				PRODUCT_NAME = "$(TARGET_NAME)";
				SDKROOT = watchos;
				SKIP_INSTALL = YES;
				SWIFT_VERSION = 5.0;
				TARGETED_DEVICE_FAMILY = 4;
				WATCHOS_DEPLOYMENT_TARGET = 6.2;
			};
			name = Debug;
		};
		652E2D93246A4205000FBA44 /* Release */ = {
			isa = XCBuildConfiguration;
			buildSettings = {
				ALWAYS_EMBED_SWIFT_STANDARD_LIBRARIES = YES;
				ASSETCATALOG_COMPILER_APPICON_NAME = AppIcon;
				CODE_SIGN_STYLE = Automatic;
				DEVELOPMENT_TEAM = 5T8QJ8WJF7;
				IBSC_MODULE = WatchLandmarks_Extension;
				INFOPLIST_FILE = WatchLandmarks/Info.plist;
				PRODUCT_BUNDLE_IDENTIFIER = com.rigohernandez.Landmarks.watchkitapp;
				PRODUCT_NAME = "$(TARGET_NAME)";
				SDKROOT = watchos;
				SKIP_INSTALL = YES;
				SWIFT_VERSION = 5.0;
				TARGETED_DEVICE_FAMILY = 4;
				WATCHOS_DEPLOYMENT_TARGET = 6.2;
			};
			name = Release;
		};
		652E2D95246A4205000FBA44 /* Debug */ = {
			isa = XCBuildConfiguration;
			buildSettings = {
				ASSETCATALOG_COMPILER_COMPLICATION_NAME = Complication;
				CODE_SIGN_STYLE = Automatic;
				DEVELOPMENT_ASSET_PATHS = "\"WatchLandmarks Extension/Preview Content\"";
				ENABLE_PREVIEWS = YES;
				INFOPLIST_FILE = "WatchLandmarks Extension/Info.plist";
				LD_RUNPATH_SEARCH_PATHS = (
					"$(inherited)",
					"@executable_path/Frameworks",
					"@executable_path/../../Frameworks",
				);
				PRODUCT_BUNDLE_IDENTIFIER = com.rigohernandez.Landmarks.watchkitapp.watchkitextension;
				PRODUCT_NAME = "${TARGET_NAME}";
				SDKROOT = watchos;
				SKIP_INSTALL = YES;
				SWIFT_VERSION = 5.0;
				TARGETED_DEVICE_FAMILY = 4;
				WATCHOS_DEPLOYMENT_TARGET = 6.2;
			};
			name = Debug;
		};
		652E2D96246A4205000FBA44 /* Release */ = {
			isa = XCBuildConfiguration;
			buildSettings = {
				ASSETCATALOG_COMPILER_COMPLICATION_NAME = Complication;
				CODE_SIGN_STYLE = Automatic;
				DEVELOPMENT_ASSET_PATHS = "\"WatchLandmarks Extension/Preview Content\"";
				ENABLE_PREVIEWS = YES;
				INFOPLIST_FILE = "WatchLandmarks Extension/Info.plist";
				LD_RUNPATH_SEARCH_PATHS = (
					"$(inherited)",
					"@executable_path/Frameworks",
					"@executable_path/../../Frameworks",
				);
				PRODUCT_BUNDLE_IDENTIFIER = com.rigohernandez.Landmarks.watchkitapp.watchkitextension;
				PRODUCT_NAME = "${TARGET_NAME}";
				SDKROOT = watchos;
				SKIP_INSTALL = YES;
				SWIFT_VERSION = 5.0;
				TARGETED_DEVICE_FAMILY = 4;
				WATCHOS_DEPLOYMENT_TARGET = 6.2;
			};
			name = Release;
		};
		658FED302431B82E0096EDA2 /* Debug */ = {
			isa = XCBuildConfiguration;
			buildSettings = {
				ALWAYS_SEARCH_USER_PATHS = NO;
				CLANG_ANALYZER_NONNULL = YES;
				CLANG_ANALYZER_NUMBER_OBJECT_CONVERSION = YES_AGGRESSIVE;
				CLANG_CXX_LANGUAGE_STANDARD = "gnu++14";
				CLANG_CXX_LIBRARY = "libc++";
				CLANG_ENABLE_MODULES = YES;
				CLANG_ENABLE_OBJC_ARC = YES;
				CLANG_ENABLE_OBJC_WEAK = YES;
				CLANG_WARN_BLOCK_CAPTURE_AUTORELEASING = YES;
				CLANG_WARN_BOOL_CONVERSION = YES;
				CLANG_WARN_COMMA = YES;
				CLANG_WARN_CONSTANT_CONVERSION = YES;
				CLANG_WARN_DEPRECATED_OBJC_IMPLEMENTATIONS = YES;
				CLANG_WARN_DIRECT_OBJC_ISA_USAGE = YES_ERROR;
				CLANG_WARN_DOCUMENTATION_COMMENTS = YES;
				CLANG_WARN_EMPTY_BODY = YES;
				CLANG_WARN_ENUM_CONVERSION = YES;
				CLANG_WARN_INFINITE_RECURSION = YES;
				CLANG_WARN_INT_CONVERSION = YES;
				CLANG_WARN_NON_LITERAL_NULL_CONVERSION = YES;
				CLANG_WARN_OBJC_IMPLICIT_RETAIN_SELF = YES;
				CLANG_WARN_OBJC_LITERAL_CONVERSION = YES;
				CLANG_WARN_OBJC_ROOT_CLASS = YES_ERROR;
				CLANG_WARN_RANGE_LOOP_ANALYSIS = YES;
				CLANG_WARN_STRICT_PROTOTYPES = YES;
				CLANG_WARN_SUSPICIOUS_MOVE = YES;
				CLANG_WARN_UNGUARDED_AVAILABILITY = YES_AGGRESSIVE;
				CLANG_WARN_UNREACHABLE_CODE = YES;
				CLANG_WARN__DUPLICATE_METHOD_MATCH = YES;
				COPY_PHASE_STRIP = NO;
				DEBUG_INFORMATION_FORMAT = dwarf;
				ENABLE_STRICT_OBJC_MSGSEND = YES;
				ENABLE_TESTABILITY = YES;
				GCC_C_LANGUAGE_STANDARD = gnu11;
				GCC_DYNAMIC_NO_PIC = NO;
				GCC_NO_COMMON_BLOCKS = YES;
				GCC_OPTIMIZATION_LEVEL = 0;
				GCC_PREPROCESSOR_DEFINITIONS = (
					"DEBUG=1",
					"$(inherited)",
				);
				GCC_WARN_64_TO_32_BIT_CONVERSION = YES;
				GCC_WARN_ABOUT_RETURN_TYPE = YES_ERROR;
				GCC_WARN_UNDECLARED_SELECTOR = YES;
				GCC_WARN_UNINITIALIZED_AUTOS = YES_AGGRESSIVE;
				GCC_WARN_UNUSED_FUNCTION = YES;
				GCC_WARN_UNUSED_VARIABLE = YES;
				IPHONEOS_DEPLOYMENT_TARGET = 13.4;
				MTL_ENABLE_DEBUG_INFO = INCLUDE_SOURCE;
				MTL_FAST_MATH = YES;
				ONLY_ACTIVE_ARCH = YES;
				SDKROOT = iphoneos;
				SWIFT_ACTIVE_COMPILATION_CONDITIONS = DEBUG;
				SWIFT_OPTIMIZATION_LEVEL = "-Onone";
			};
			name = Debug;
		};
		658FED312431B82E0096EDA2 /* Release */ = {
			isa = XCBuildConfiguration;
			buildSettings = {
				ALWAYS_SEARCH_USER_PATHS = NO;
				CLANG_ANALYZER_NONNULL = YES;
				CLANG_ANALYZER_NUMBER_OBJECT_CONVERSION = YES_AGGRESSIVE;
				CLANG_CXX_LANGUAGE_STANDARD = "gnu++14";
				CLANG_CXX_LIBRARY = "libc++";
				CLANG_ENABLE_MODULES = YES;
				CLANG_ENABLE_OBJC_ARC = YES;
				CLANG_ENABLE_OBJC_WEAK = YES;
				CLANG_WARN_BLOCK_CAPTURE_AUTORELEASING = YES;
				CLANG_WARN_BOOL_CONVERSION = YES;
				CLANG_WARN_COMMA = YES;
				CLANG_WARN_CONSTANT_CONVERSION = YES;
				CLANG_WARN_DEPRECATED_OBJC_IMPLEMENTATIONS = YES;
				CLANG_WARN_DIRECT_OBJC_ISA_USAGE = YES_ERROR;
				CLANG_WARN_DOCUMENTATION_COMMENTS = YES;
				CLANG_WARN_EMPTY_BODY = YES;
				CLANG_WARN_ENUM_CONVERSION = YES;
				CLANG_WARN_INFINITE_RECURSION = YES;
				CLANG_WARN_INT_CONVERSION = YES;
				CLANG_WARN_NON_LITERAL_NULL_CONVERSION = YES;
				CLANG_WARN_OBJC_IMPLICIT_RETAIN_SELF = YES;
				CLANG_WARN_OBJC_LITERAL_CONVERSION = YES;
				CLANG_WARN_OBJC_ROOT_CLASS = YES_ERROR;
				CLANG_WARN_RANGE_LOOP_ANALYSIS = YES;
				CLANG_WARN_STRICT_PROTOTYPES = YES;
				CLANG_WARN_SUSPICIOUS_MOVE = YES;
				CLANG_WARN_UNGUARDED_AVAILABILITY = YES_AGGRESSIVE;
				CLANG_WARN_UNREACHABLE_CODE = YES;
				CLANG_WARN__DUPLICATE_METHOD_MATCH = YES;
				COPY_PHASE_STRIP = NO;
				DEBUG_INFORMATION_FORMAT = "dwarf-with-dsym";
				ENABLE_NS_ASSERTIONS = NO;
				ENABLE_STRICT_OBJC_MSGSEND = YES;
				GCC_C_LANGUAGE_STANDARD = gnu11;
				GCC_NO_COMMON_BLOCKS = YES;
				GCC_WARN_64_TO_32_BIT_CONVERSION = YES;
				GCC_WARN_ABOUT_RETURN_TYPE = YES_ERROR;
				GCC_WARN_UNDECLARED_SELECTOR = YES;
				GCC_WARN_UNINITIALIZED_AUTOS = YES_AGGRESSIVE;
				GCC_WARN_UNUSED_FUNCTION = YES;
				GCC_WARN_UNUSED_VARIABLE = YES;
				IPHONEOS_DEPLOYMENT_TARGET = 13.4;
				MTL_ENABLE_DEBUG_INFO = NO;
				MTL_FAST_MATH = YES;
				SDKROOT = iphoneos;
				SWIFT_COMPILATION_MODE = wholemodule;
				SWIFT_OPTIMIZATION_LEVEL = "-O";
				VALIDATE_PRODUCT = YES;
			};
			name = Release;
		};
		658FED332431B82E0096EDA2 /* Debug */ = {
			isa = XCBuildConfiguration;
			buildSettings = {
				ASSETCATALOG_COMPILER_APPICON_NAME = AppIcon;
				CODE_SIGN_STYLE = Automatic;
				DEVELOPMENT_ASSET_PATHS = "\"Landmarks/Preview Content\"";
				DEVELOPMENT_TEAM = 5T8QJ8WJF7;
				ENABLE_PREVIEWS = YES;
				INFOPLIST_FILE = Landmarks/Info.plist;
				LD_RUNPATH_SEARCH_PATHS = (
					"$(inherited)",
					"@executable_path/Frameworks",
				);
				PRODUCT_BUNDLE_IDENTIFIER = com.rigohernandez.Landmarks;
				PRODUCT_NAME = "$(TARGET_NAME)";
				SWIFT_VERSION = 5.0;
				TARGETED_DEVICE_FAMILY = "1,2";
			};
			name = Debug;
		};
		658FED342431B82E0096EDA2 /* Release */ = {
			isa = XCBuildConfiguration;
			buildSettings = {
				ASSETCATALOG_COMPILER_APPICON_NAME = AppIcon;
				CODE_SIGN_STYLE = Automatic;
				DEVELOPMENT_ASSET_PATHS = "\"Landmarks/Preview Content\"";
				DEVELOPMENT_TEAM = 5T8QJ8WJF7;
				ENABLE_PREVIEWS = YES;
				INFOPLIST_FILE = Landmarks/Info.plist;
				LD_RUNPATH_SEARCH_PATHS = (
					"$(inherited)",
					"@executable_path/Frameworks",
				);
				PRODUCT_BUNDLE_IDENTIFIER = com.rigohernandez.Landmarks;
				PRODUCT_NAME = "$(TARGET_NAME)";
				SWIFT_VERSION = 5.0;
				TARGETED_DEVICE_FAMILY = "1,2";
			};
			name = Release;
		};
		658FED362431B82E0096EDA2 /* Debug */ = {
			isa = XCBuildConfiguration;
			buildSettings = {
				ALWAYS_EMBED_SWIFT_STANDARD_LIBRARIES = YES;
				BUNDLE_LOADER = "$(TEST_HOST)";
				CODE_SIGN_STYLE = Automatic;
				INFOPLIST_FILE = LandmarksTests/Info.plist;
				IPHONEOS_DEPLOYMENT_TARGET = 13.4;
				LD_RUNPATH_SEARCH_PATHS = (
					"$(inherited)",
					"@executable_path/Frameworks",
					"@loader_path/Frameworks",
				);
				PRODUCT_BUNDLE_IDENTIFIER = com.rigohernandez.LandmarksTests;
				PRODUCT_NAME = "$(TARGET_NAME)";
				SWIFT_VERSION = 5.0;
				TARGETED_DEVICE_FAMILY = "1,2";
				TEST_HOST = "$(BUILT_PRODUCTS_DIR)/Landmarks.app/Landmarks";
			};
			name = Debug;
		};
		658FED372431B82E0096EDA2 /* Release */ = {
			isa = XCBuildConfiguration;
			buildSettings = {
				ALWAYS_EMBED_SWIFT_STANDARD_LIBRARIES = YES;
				BUNDLE_LOADER = "$(TEST_HOST)";
				CODE_SIGN_STYLE = Automatic;
				INFOPLIST_FILE = LandmarksTests/Info.plist;
				IPHONEOS_DEPLOYMENT_TARGET = 13.4;
				LD_RUNPATH_SEARCH_PATHS = (
					"$(inherited)",
					"@executable_path/Frameworks",
					"@loader_path/Frameworks",
				);
				PRODUCT_BUNDLE_IDENTIFIER = com.rigohernandez.LandmarksTests;
				PRODUCT_NAME = "$(TARGET_NAME)";
				SWIFT_VERSION = 5.0;
				TARGETED_DEVICE_FAMILY = "1,2";
				TEST_HOST = "$(BUILT_PRODUCTS_DIR)/Landmarks.app/Landmarks";
			};
			name = Release;
		};
		658FED392431B82E0096EDA2 /* Debug */ = {
			isa = XCBuildConfiguration;
			buildSettings = {
				ALWAYS_EMBED_SWIFT_STANDARD_LIBRARIES = YES;
				CODE_SIGN_STYLE = Automatic;
				INFOPLIST_FILE = LandmarksUITests/Info.plist;
				LD_RUNPATH_SEARCH_PATHS = (
					"$(inherited)",
					"@executable_path/Frameworks",
					"@loader_path/Frameworks",
				);
				PRODUCT_BUNDLE_IDENTIFIER = com.rigohernandez.LandmarksUITests;
				PRODUCT_NAME = "$(TARGET_NAME)";
				SWIFT_VERSION = 5.0;
				TARGETED_DEVICE_FAMILY = "1,2";
				TEST_TARGET_NAME = Landmarks;
			};
			name = Debug;
		};
		658FED3A2431B82E0096EDA2 /* Release */ = {
			isa = XCBuildConfiguration;
			buildSettings = {
				ALWAYS_EMBED_SWIFT_STANDARD_LIBRARIES = YES;
				CODE_SIGN_STYLE = Automatic;
				INFOPLIST_FILE = LandmarksUITests/Info.plist;
				LD_RUNPATH_SEARCH_PATHS = (
					"$(inherited)",
					"@executable_path/Frameworks",
					"@loader_path/Frameworks",
				);
				PRODUCT_BUNDLE_IDENTIFIER = com.rigohernandez.LandmarksUITests;
				PRODUCT_NAME = "$(TARGET_NAME)";
				SWIFT_VERSION = 5.0;
				TARGETED_DEVICE_FAMILY = "1,2";
				TEST_TARGET_NAME = Landmarks;
			};
			name = Release;
		};
/* End XCBuildConfiguration section */

/* Begin XCConfigurationList section */
		652E2D97246A4205000FBA44 /* Build configuration list for PBXNativeTarget "WatchLandmarks Extension" */ = {
			isa = XCConfigurationList;
			buildConfigurations = (
				652E2D95246A4205000FBA44 /* Debug */,
				652E2D96246A4205000FBA44 /* Release */,
			);
			defaultConfigurationIsVisible = 0;
			defaultConfigurationName = Release;
		};
		652E2D98246A4205000FBA44 /* Build configuration list for PBXNativeTarget "WatchLandmarks" */ = {
			isa = XCConfigurationList;
			buildConfigurations = (
				652E2D92246A4205000FBA44 /* Debug */,
				652E2D93246A4205000FBA44 /* Release */,
			);
			defaultConfigurationIsVisible = 0;
			defaultConfigurationName = Release;
		};
		658FED032431B82C0096EDA2 /* Build configuration list for PBXProject "Landmarks" */ = {
			isa = XCConfigurationList;
			buildConfigurations = (
				658FED302431B82E0096EDA2 /* Debug */,
				658FED312431B82E0096EDA2 /* Release */,
			);
			defaultConfigurationIsVisible = 0;
			defaultConfigurationName = Release;
		};
		658FED322431B82E0096EDA2 /* Build configuration list for PBXNativeTarget "Landmarks" */ = {
			isa = XCConfigurationList;
			buildConfigurations = (
				658FED332431B82E0096EDA2 /* Debug */,
				658FED342431B82E0096EDA2 /* Release */,
			);
			defaultConfigurationIsVisible = 0;
			defaultConfigurationName = Release;
		};
		658FED352431B82E0096EDA2 /* Build configuration list for PBXNativeTarget "LandmarksTests" */ = {
			isa = XCConfigurationList;
			buildConfigurations = (
				658FED362431B82E0096EDA2 /* Debug */,
				658FED372431B82E0096EDA2 /* Release */,
			);
			defaultConfigurationIsVisible = 0;
			defaultConfigurationName = Release;
		};
		658FED382431B82E0096EDA2 /* Build configuration list for PBXNativeTarget "LandmarksUITests" */ = {
			isa = XCConfigurationList;
			buildConfigurations = (
				658FED392431B82E0096EDA2 /* Debug */,
				658FED3A2431B82E0096EDA2 /* Release */,
			);
			defaultConfigurationIsVisible = 0;
			defaultConfigurationName = Release;
		};
/* End XCConfigurationList section */
	};
	rootObject = 658FED002431B82C0096EDA2 /* Project object */;
}
